
Microsoft Visual Studio Solution File, Format Version 12.00
# Visual Studio Version 16
VisualStudioVersion = 16.0.33927.289
MinimumVisualStudioVersion = 10.0.40219.1
Project("{2150E333-8FDC-42A3-9474-1A3956D46DE8}") = "Task0", "Task0", "{4C2B7AB4-C63D-416B-ACA7-28C89BCE2D9F}"
EndProject
Project("{FAE04EC0-301F-11D3-BF4B-00C04F79EFBC}") = "Tyuiu.BotanogovDS.Sprint0.Task0.V0", "Tyuiu.BotanogovDS.Sprint0.Task0.V0\Tyuiu.BotanogovDS.Sprint0.Task0.V0.csproj", "{AB63A7DF-153D-48C9-AC1B-E0D9EA969683}"
EndProject
Project("{2150E333-8FDC-42A3-9474-1A3956D46DE8}") = "Task1", "Task1", "{682409E4-C207-42BA-8020-8B68C5AEC781}"
EndProject
Project("{FAE04EC0-301F-11D3-BF4B-00C04F79EFBC}") = "Tyuiu.BotanogovDS.Sprint0.Task1.V0", "Tyuiu.BotanogovDS.Sprint0.Task1.V0\Tyuiu.BotanogovDS.Sprint0.Task1.V0.csproj", "{DA961742-2D19-4E09-BB1A-2D634EDC6458}"
EndProject
Project("{2150E333-8FDC-42A3-9474-1A3956D46DE8}") = "Task2", "Task2", "{6414549C-FE28-4BA2-B594-CE29612330C3}"
EndProject
Project("{FAE04EC0-301F-11D3-BF4B-00C04F79EFBC}") = "Tyuiu.BotanogovDS.Sprint0.Task2.V0", "Tyuiu.BotanogovDS.Sprint0.Task2.V0\Tyuiu.BotanogovDS.Sprint0.Task2.V0.csproj", "{7C17FA5E-1C4A-4A21-9829-5905C0A0C258}"
EndProject
Project("{FAE04EC0-301F-11D3-BF4B-00C04F79EFBC}") = "Tyuiu.BotanogovDS.Sprint0.Task2.V0.Lib", "Tyuiu.BotanogovDS.Sprint0.Task2.V0.Lib\Tyuiu.BotanogovDS.Sprint0.Task2.V0.Lib.csproj", "{EC2A0937-5937-40D6-A592-6F4694BB4B67}"
EndProject
Project("{FAE04EC0-301F-11D3-BF4B-00C04F79EFBC}") = "Tyuiu.BotanogovDS.Sprint0.Task2.V0.Test", "Tyuiu.BotanogovDS.Sprint0.Task2.V0.Test\Tyuiu.BotanogovDS.Sprint0.Task2.V0.Test.csproj", "{FDF28B1C-3D8D-4A45-8E1F-6CEE63C091DC}"
EndProject
Project("{2150E333-8FDC-42A3-9474-1A3956D46DE8}") = "Task3", "Task3", "{861F9756-1D55-46AB-8062-B898F3A1F002}"
EndProject
Project("{FAE04EC0-301F-11D3-BF4B-00C04F79EFBC}") = "Tyuiu.BotanogovDS.Sprint0.Task3.V0", "Tyuiu.BotanogovDS.Sprint0.Task3.V0\Tyuiu.BotanogovDS.Sprint0.Task3.V0\Tyuiu.BotanogovDS.Sprint0.Task3.V0.csproj", "{D87488F1-FA19-43E4-8191-A04F8E07C29B}"
EndProject
Project("{FAE04EC0-301F-11D3-BF4B-00C04F79EFBC}") = "Tyuiu.BotanogovDS.Sprint0.Task3.V0.Lib", "Tyuiu.BotanogovDS.Sprint0.Task3.V0.Lib\Tyuiu.BotanogovDS.Sprint0.Task3.V0.Lib.csproj", "{1A6E4F99-474F-43E1-99B9-DBFC5B2E0AEC}"
EndProject
Project("{FAE04EC0-301F-11D3-BF4B-00C04F79EFBC}") = "Tyuiu.BotanogovDS.Sprint0.Task3.V0.Test", "Tyuiu.BotanogovDS.Sprint0.Task3.V0.Test\Tyuiu.BotanogovDS.Sprint0.Task3.V0.Test.csproj", "{61B3A244-FEFC-4710-A811-45645EC50920}"
EndProject
Project("{2150E333-8FDC-42A3-9474-1A3956D46DE8}") = "Task4", "Task4", "{323D52A4-A56B-48F3-9BCB-549966A6716B}"
EndProject
Project("{FAE04EC0-301F-11D3-BF4B-00C04F79EFBC}") = "Tyuiu.BotanogovDS.Sprint0.Task4.V0.Test", "Tyuiu.BotanogovDS.Sprint0.Task4.V0.Test\Tyuiu.BotanogovDS.Sprint0.Task4.V0.Test.csproj", "{6B88F73E-D388-4360-834A-308376F2C52D}"
EndProject
Project("{FAE04EC0-301F-11D3-BF4B-00C04F79EFBC}") = "Tyuiu.BotanogovDS.Sprint0.Task4.V0.Lib", "Tyuiu.BotanogovDS.Sprint0.Task4.V0.Lib\Tyuiu.BotanogovDS.Sprint0.Task4.V0.Lib.csproj", "{B7ECEFF7-1261-4BBE-AD76-85C8FA6055B4}"
EndProject
Project("{FAE04EC0-301F-11D3-BF4B-00C04F79EFBC}") = "Tyuiu.BotanogovDS.Sprint0.Task4.V0", "Tyuiu.BotanogovDS.Sprint0.Task4.V0\Tyuiu.BotanogovDS.Sprint0.Task4.V0.csproj", "{BC0FF489-8506-4581-BFCC-EDD562E1C63F}"
EndProject
Project("{2150E333-8FDC-42A3-9474-1A3956D46DE8}") = "Task5", "Task5", "{075B5175-83B2-4C12-878A-68F7025577B7}"
EndProject
Project("{2150E333-8FDC-42A3-9474-1A3956D46DE8}") = "Task6", "Task6", "{62E44DF9-EAF9-48A2-BEAE-8A16B0D8AEFF}"
EndProject
Project("{2150E333-8FDC-42A3-9474-1A3956D46DE8}") = "Task7", "Task7", "{3535D479-0AFF-4086-9061-2BB3AA30E935}"
EndProject
Project("{FAE04EC0-301F-11D3-BF4B-00C04F79EFBC}") = "Tyuiu.BotanogovDS.Sprint0.Task5.V0", "Tyuiu.BotanogovDS.Sprint0.Task5.V0\Tyuiu.BotanogovDS.Sprint0.Task5.V0.csproj", "{5CCEA958-4089-44AE-B398-A59099943491}"
EndProject
Project("{FAE04EC0-301F-11D3-BF4B-00C04F79EFBC}") = "Tyuiu.BotanogovDS.Sprint0.Task5.V0.Lib", "Tyuiu.BotanogovDS.Sprint0.Task5.V0.Lib\Tyuiu.BotanogovDS.Sprint0.Task5.V0.Lib.csproj", "{A48B16CC-FF2D-48F9-B91D-2CA6EB414922}"
EndProject
Project("{FAE04EC0-301F-11D3-BF4B-00C04F79EFBC}") = "Tyuiu.BotanogovDS.Sprint0.Task5.V0.Test", "Tyuiu.BotanogovDS.Sprint0.Task5.V0.Test\Tyuiu.BotanogovDS.Sprint0.Task5.V0.Test.csproj", "{FC53477B-86FE-45AA-9F79-65B08B53F3B7}"
EndProject
Project("{FAE04EC0-301F-11D3-BF4B-00C04F79EFBC}") = "Tyuiu.BotanogovDS.Sprint0.Task6.V0.Test", "Tyuiu.BotanogovDS.Sprint0.Task6.V0.Test\Tyuiu.BotanogovDS.Sprint0.Task6.V0.Test.csproj", "{86946661-DC4B-45A1-9E67-563CAE9795DA}"
EndProject
Project("{FAE04EC0-301F-11D3-BF4B-00C04F79EFBC}") = "Tyuiu.BotanogovDS.Sprint0.Task6.V0", "Tyuiu.BotanogovDS.Sprint0.Task6.V0\Tyuiu.BotanogovDS.Sprint0.Task6.V0.csproj", "{5173723C-2B34-42DB-A7F3-04AD667C2251}"
EndProject
Project("{FAE04EC0-301F-11D3-BF4B-00C04F79EFBC}") = "Tyuiu.BotanogovDS.Sprint0.Task6.V0.Lib", "Tyuiu.BotanogovDS.Sprint0.Task6.V0.Lib\Tyuiu.BotanogovDS.Sprint0.Task6.V0.Lib.csproj", "{DBBAB5F6-91B5-4466-AA4D-83257E78F033}"
EndProject
Project("{FAE04EC0-301F-11D3-BF4B-00C04F79EFBC}") = "Tyuiu.BotanogovDS.Sprint0.Task7.V0.Lib", "Tyuiu.BotanogovDS.Sprint0.Task7.V0.Lib\Tyuiu.BotanogovDS.Sprint0.Task7.V0.Lib.csproj", "{302D3E3C-60C6-46E4-8781-40AE8ED007E5}"
EndProject
Project("{FAE04EC0-301F-11D3-BF4B-00C04F79EFBC}") = "Tyuiu.BotanogovDS.Sprint0.Task7.V0", "Tyuiu.BotanogovDS.Sprint0.Task7.V0\Tyuiu.BotanogovDS.Sprint0.Task7.V0.csproj", "{90E1711C-02D1-4CE9-B21C-84E69804972C}"
EndProject
Project("{FAE04EC0-301F-11D3-BF4B-00C04F79EFBC}") = "Tyuiu.BotanogovDS.Sprint0.Task7.V0.Test", "Tyuiu.BotanogovDS.Sprint0.Task7.V0.Test\Tyuiu.BotanogovDS.Sprint0.Task7.V0.Test.csproj", "{A6FA5497-2C97-45F0-8D5A-723C717EBFD6}"
EndProject
Global
	GlobalSection(SolutionConfigurationPlatforms) = preSolution
		Debug|Any CPU = Debug|Any CPU
		Release|Any CPU = Release|Any CPU
	EndGlobalSection
	GlobalSection(ProjectConfigurationPlatforms) = postSolution
		{AB63A7DF-153D-48C9-AC1B-E0D9EA969683}.Debug|Any CPU.ActiveCfg = Debug|Any CPU
		{AB63A7DF-153D-48C9-AC1B-E0D9EA969683}.Debug|Any CPU.Build.0 = Debug|Any CPU
		{AB63A7DF-153D-48C9-AC1B-E0D9EA969683}.Release|Any CPU.ActiveCfg = Release|Any CPU
		{AB63A7DF-153D-48C9-AC1B-E0D9EA969683}.Release|Any CPU.Build.0 = Release|Any CPU
		{DA961742-2D19-4E09-BB1A-2D634EDC6458}.Debug|Any CPU.ActiveCfg = Debug|Any CPU
		{DA961742-2D19-4E09-BB1A-2D634EDC6458}.Debug|Any CPU.Build.0 = Debug|Any CPU
		{DA961742-2D19-4E09-BB1A-2D634EDC6458}.Release|Any CPU.ActiveCfg = Release|Any CPU
		{DA961742-2D19-4E09-BB1A-2D634EDC6458}.Release|Any CPU.Build.0 = Release|Any CPU
		{7C17FA5E-1C4A-4A21-9829-5905C0A0C258}.Debug|Any CPU.ActiveCfg = Debug|Any CPU
		{7C17FA5E-1C4A-4A21-9829-5905C0A0C258}.Debug|Any CPU.Build.0 = Debug|Any CPU
		{7C17FA5E-1C4A-4A21-9829-5905C0A0C258}.Release|Any CPU.ActiveCfg = Release|Any CPU
		{7C17FA5E-1C4A-4A21-9829-5905C0A0C258}.Release|Any CPU.Build.0 = Release|Any CPU
		{EC2A0937-5937-40D6-A592-6F4694BB4B67}.Debug|Any CPU.ActiveCfg = Debug|Any CPU
		{EC2A0937-5937-40D6-A592-6F4694BB4B67}.Debug|Any CPU.Build.0 = Debug|Any CPU
		{EC2A0937-5937-40D6-A592-6F4694BB4B67}.Release|Any CPU.ActiveCfg = Release|Any CPU
		{EC2A0937-5937-40D6-A592-6F4694BB4B67}.Release|Any CPU.Build.0 = Release|Any CPU
		{FDF28B1C-3D8D-4A45-8E1F-6CEE63C091DC}.Debug|Any CPU.ActiveCfg = Debug|Any CPU
		{FDF28B1C-3D8D-4A45-8E1F-6CEE63C091DC}.Debug|Any CPU.Build.0 = Debug|Any CPU
		{FDF28B1C-3D8D-4A45-8E1F-6CEE63C091DC}.Release|Any CPU.ActiveCfg = Release|Any CPU
		{FDF28B1C-3D8D-4A45-8E1F-6CEE63C091DC}.Release|Any CPU.Build.0 = Release|Any CPU
		{D87488F1-FA19-43E4-8191-A04F8E07C29B}.Debug|Any CPU.ActiveCfg = Debug|Any CPU
		{D87488F1-FA19-43E4-8191-A04F8E07C29B}.Debug|Any CPU.Build.0 = Debug|Any CPU
		{D87488F1-FA19-43E4-8191-A04F8E07C29B}.Release|Any CPU.ActiveCfg = Release|Any CPU
		{D87488F1-FA19-43E4-8191-A04F8E07C29B}.Release|Any CPU.Build.0 = Release|Any CPU
		{1A6E4F99-474F-43E1-99B9-DBFC5B2E0AEC}.Debug|Any CPU.ActiveCfg = Debug|Any CPU
		{1A6E4F99-474F-43E1-99B9-DBFC5B2E0AEC}.Debug|Any CPU.Build.0 = Debug|Any CPU
		{1A6E4F99-474F-43E1-99B9-DBFC5B2E0AEC}.Release|Any CPU.ActiveCfg = Release|Any CPU
		{1A6E4F99-474F-43E1-99B9-DBFC5B2E0AEC}.Release|Any CPU.Build.0 = Release|Any CPU
		{61B3A244-FEFC-4710-A811-45645EC50920}.Debug|Any CPU.ActiveCfg = Debug|Any CPU
		{61B3A244-FEFC-4710-A811-45645EC50920}.Debug|Any CPU.Build.0 = Debug|Any CPU
		{61B3A244-FEFC-4710-A811-45645EC50920}.Release|Any CPU.ActiveCfg = Release|Any CPU
		{61B3A244-FEFC-4710-A811-45645EC50920}.Release|Any CPU.Build.0 = Release|Any CPU
		{6B88F73E-D388-4360-834A-308376F2C52D}.Debug|Any CPU.ActiveCfg = Debug|Any CPU
		{6B88F73E-D388-4360-834A-308376F2C52D}.Debug|Any CPU.Build.0 = Debug|Any CPU
		{6B88F73E-D388-4360-834A-308376F2C52D}.Release|Any CPU.ActiveCfg = Release|Any CPU
		{6B88F73E-D388-4360-834A-308376F2C52D}.Release|Any CPU.Build.0 = Release|Any CPU
		{B7ECEFF7-1261-4BBE-AD76-85C8FA6055B4}.Debug|Any CPU.ActiveCfg = Debug|Any CPU
		{B7ECEFF7-1261-4BBE-AD76-85C8FA6055B4}.Debug|Any CPU.Build.0 = Debug|Any CPU
		{B7ECEFF7-1261-4BBE-AD76-85C8FA6055B4}.Release|Any CPU.ActiveCfg = Release|Any CPU
		{B7ECEFF7-1261-4BBE-AD76-85C8FA6055B4}.Release|Any CPU.Build.0 = Release|Any CPU
		{BC0FF489-8506-4581-BFCC-EDD562E1C63F}.Debug|Any CPU.ActiveCfg = Debug|Any CPU
		{BC0FF489-8506-4581-BFCC-EDD562E1C63F}.Debug|Any CPU.Build.0 = Debug|Any CPU
		{BC0FF489-8506-4581-BFCC-EDD562E1C63F}.Release|Any CPU.ActiveCfg = Release|Any CPU
		{BC0FF489-8506-4581-BFCC-EDD562E1C63F}.Release|Any CPU.Build.0 = Release|Any CPU
		{5CCEA958-4089-44AE-B398-A59099943491}.Debug|Any CPU.ActiveCfg = Debug|Any CPU
		{5CCEA958-4089-44AE-B398-A59099943491}.Debug|Any CPU.Build.0 = Debug|Any CPU
		{5CCEA958-4089-44AE-B398-A59099943491}.Release|Any CPU.ActiveCfg = Release|Any CPU
		{5CCEA958-4089-44AE-B398-A59099943491}.Release|Any CPU.Build.0 = Release|Any CPU
		{A48B16CC-FF2D-48F9-B91D-2CA6EB414922}.Debug|Any CPU.ActiveCfg = Debug|Any CPU
		{A48B16CC-FF2D-48F9-B91D-2CA6EB414922}.Debug|Any CPU.Build.0 = Debug|Any CPU
		{A48B16CC-FF2D-48F9-B91D-2CA6EB414922}.Release|Any CPU.ActiveCfg = Release|Any CPU
		{A48B16CC-FF2D-48F9-B91D-2CA6EB414922}.Release|Any CPU.Build.0 = Release|Any CPU
		{FC53477B-86FE-45AA-9F79-65B08B53F3B7}.Debug|Any CPU.ActiveCfg = Debug|Any CPU
		{FC53477B-86FE-45AA-9F79-65B08B53F3B7}.Debug|Any CPU.Build.0 = Debug|Any CPU
		{FC53477B-86FE-45AA-9F79-65B08B53F3B7}.Release|Any CPU.ActiveCfg = Release|Any CPU
		{FC53477B-86FE-45AA-9F79-65B08B53F3B7}.Release|Any CPU.Build.0 = Release|Any CPU
		{86946661-DC4B-45A1-9E67-563CAE9795DA}.Debug|Any CPU.ActiveCfg = Debug|Any CPU
		{86946661-DC4B-45A1-9E67-563CAE9795DA}.Debug|Any CPU.Build.0 = Debug|Any CPU
		{86946661-DC4B-45A1-9E67-563CAE9795DA}.Release|Any CPU.ActiveCfg = Release|Any CPU
		{86946661-DC4B-45A1-9E67-563CAE9795DA}.Release|Any CPU.Build.0 = Release|Any CPU
		{5173723C-2B34-42DB-A7F3-04AD667C2251}.Debug|Any CPU.ActiveCfg = Debug|Any CPU
		{5173723C-2B34-42DB-A7F3-04AD667C2251}.Debug|Any CPU.Build.0 = Debug|Any CPU
		{5173723C-2B34-42DB-A7F3-04AD667C2251}.Release|Any CPU.ActiveCfg = Release|Any CPU
		{5173723C-2B34-42DB-A7F3-04AD667C2251}.Release|Any CPU.Build.0 = Release|Any CPU
		{DBBAB5F6-91B5-4466-AA4D-83257E78F033}.Debug|Any CPU.ActiveCfg = Debug|Any CPU
		{DBBAB5F6-91B5-4466-AA4D-83257E78F033}.Debug|Any CPU.Build.0 = Debug|Any CPU
		{DBBAB5F6-91B5-4466-AA4D-83257E78F033}.Release|Any CPU.ActiveCfg = Release|Any CPU
		{DBBAB5F6-91B5-4466-AA4D-83257E78F033}.Release|Any CPU.Build.0 = Release|Any CPU
		{302D3E3C-60C6-46E4-8781-40AE8ED007E5}.Debug|Any CPU.ActiveCfg = Debug|Any CPU
		{302D3E3C-60C6-46E4-8781-40AE8ED007E5}.Debug|Any CPU.Build.0 = Debug|Any CPU
		{302D3E3C-60C6-46E4-8781-40AE8ED007E5}.Release|Any CPU.ActiveCfg = Release|Any CPU
		{302D3E3C-60C6-46E4-8781-40AE8ED007E5}.Release|Any CPU.Build.0 = Release|Any CPU
		{90E1711C-02D1-4CE9-B21C-84E69804972C}.Debug|Any CPU.ActiveCfg = Debug|Any CPU
		{90E1711C-02D1-4CE9-B21C-84E69804972C}.Debug|Any CPU.Build.0 = Debug|Any CPU
		{90E1711C-02D1-4CE9-B21C-84E69804972C}.Release|Any CPU.ActiveCfg = Release|Any CPU
		{90E1711C-02D1-4CE9-B21C-84E69804972C}.Release|Any CPU.Build.0 = Release|Any CPU
		{A6FA5497-2C97-45F0-8D5A-723C717EBFD6}.Debug|Any CPU.ActiveCfg = Debug|Any CPU
		{A6FA5497-2C97-45F0-8D5A-723C717EBFD6}.Debug|Any CPU.Build.0 = Debug|Any CPU
		{A6FA5497-2C97-45F0-8D5A-723C717EBFD6}.Release|Any CPU.ActiveCfg = Release|Any CPU
		{A6FA5497-2C97-45F0-8D5A-723C717EBFD6}.Release|Any CPU.Build.0 = Release|Any CPU
	EndGlobalSection
	GlobalSection(SolutionProperties) = preSolution
		HideSolutionNode = FALSE
	EndGlobalSection
	GlobalSection(NestedProjects) = preSolution
		{AB63A7DF-153D-48C9-AC1B-E0D9EA969683} = {4C2B7AB4-C63D-416B-ACA7-28C89BCE2D9F}
		{DA961742-2D19-4E09-BB1A-2D634EDC6458} = {682409E4-C207-42BA-8020-8B68C5AEC781}
		{7C17FA5E-1C4A-4A21-9829-5905C0A0C258} = {6414549C-FE28-4BA2-B594-CE29612330C3}
		{EC2A0937-5937-40D6-A592-6F4694BB4B67} = {6414549C-FE28-4BA2-B594-CE29612330C3}
		{FDF28B1C-3D8D-4A45-8E1F-6CEE63C091DC} = {6414549C-FE28-4BA2-B594-CE29612330C3}
		{D87488F1-FA19-43E4-8191-A04F8E07C29B} = {861F9756-1D55-46AB-8062-B898F3A1F002}
		{1A6E4F99-474F-43E1-99B9-DBFC5B2E0AEC} = {861F9756-1D55-46AB-8062-B898F3A1F002}
		{61B3A244-FEFC-4710-A811-45645EC50920} = {861F9756-1D55-46AB-8062-B898F3A1F002}
		{6B88F73E-D388-4360-834A-308376F2C52D} = {323D52A4-A56B-48F3-9BCB-549966A6716B}
		{B7ECEFF7-1261-4BBE-AD76-85C8FA6055B4} = {323D52A4-A56B-48F3-9BCB-549966A6716B}
		{BC0FF489-8506-4581-BFCC-EDD562E1C63F} = {323D52A4-A56B-48F3-9BCB-549966A6716B}
		{5CCEA958-4089-44AE-B398-A59099943491} = {075B5175-83B2-4C12-878A-68F7025577B7}
		{A48B16CC-FF2D-48F9-B91D-2CA6EB414922} = {075B5175-83B2-4C12-878A-68F7025577B7}
		{FC53477B-86FE-45AA-9F79-65B08B53F3B7} = {075B5175-83B2-4C12-878A-68F7025577B7}
		{86946661-DC4B-45A1-9E67-563CAE9795DA} = {62E44DF9-EAF9-48A2-BEAE-8A16B0D8AEFF}
		{5173723C-2B34-42DB-A7F3-04AD667C2251} = {62E44DF9-EAF9-48A2-BEAE-8A16B0D8AEFF}
		{DBBAB5F6-91B5-4466-AA4D-83257E78F033} = {62E44DF9-EAF9-48A2-BEAE-8A16B0D8AEFF}
		{302D3E3C-60C6-46E4-8781-40AE8ED007E5} = {3535D479-0AFF-4086-9061-2BB3AA30E935}
		{90E1711C-02D1-4CE9-B21C-84E69804972C} = {3535D479-0AFF-4086-9061-2BB3AA30E935}
		{A6FA5497-2C97-45F0-8D5A-723C717EBFD6} = {3535D479-0AFF-4086-9061-2BB3AA30E935}
	EndGlobalSection
	GlobalSection(ExtensibilityGlobals) = postSolution
		SolutionGuid = {8185F510-1E7E-4111-9049-E0F20A146CBA}
	EndGlobalSection
EndGlobal
